
Microsoft Visual Studio Solution File, Format Version 12.00
# Visual Studio Version 16
VisualStudioVersion = 16.0.31112.23
MinimumVisualStudioVersion = 10.0.40219.1
Project("{FAE04EC0-301F-11D3-BF4B-00C04F79EFBC}") = "DE-Store Program", "DE-Store Program\DE-Store Program.csproj", "{6C0CF20C-BF6C-46AF-B36F-5B35C992CA2A}"
EndProject
Project("{00D1A9C2-B5F0-4AF3-8072-F6C62B433612}") = "DE-StoreData", "DE-StoreData\DE-StoreData.sqlproj", "{3CE908A0-DD18-4108-BBCB-3F90D36C17B7}"
EndProject
Project("{FAE04EC0-301F-11D3-BF4B-00C04F79EFBC}") = "DataClassLibary", "DataClassLibary\DataClassLibary.csproj", "{A0A5DD0E-BDBF-4AB4-A697-2FD9D2A3FF75}"
EndProject
Global
	GlobalSection(SolutionConfigurationPlatforms) = preSolution
		Debug|Any CPU = Debug|Any CPU
		Release|Any CPU = Release|Any CPU
	EndGlobalSection
	GlobalSection(ProjectConfigurationPlatforms) = postSolution
		{6C0CF20C-BF6C-46AF-B36F-5B35C992CA2A}.Debug|Any CPU.ActiveCfg = Debug|Any CPU
		{6C0CF20C-BF6C-46AF-B36F-5B35C992CA2A}.Debug|Any CPU.Build.0 = Debug|Any CPU
		{6C0CF20C-BF6C-46AF-B36F-5B35C992CA2A}.Release|Any CPU.ActiveCfg = Release|Any CPU
		{6C0CF20C-BF6C-46AF-B36F-5B35C992CA2A}.Release|Any CPU.Build.0 = Release|Any CPU
		{3CE908A0-DD18-4108-BBCB-3F90D36C17B7}.Debug|Any CPU.ActiveCfg = Debug|Any CPU
		{3CE908A0-DD18-4108-BBCB-3F90D36C17B7}.Debug|Any CPU.Build.0 = Debug|Any CPU
		{3CE908A0-DD18-4108-BBCB-3F90D36C17B7}.Debug|Any CPU.Deploy.0 = Debug|Any CPU
		{3CE908A0-DD18-4108-BBCB-3F90D36C17B7}.Release|Any CPU.ActiveCfg = Release|Any CPU
		{3CE908A0-DD18-4108-BBCB-3F90D36C17B7}.Release|Any CPU.Build.0 = Release|Any CPU
		{3CE908A0-DD18-4108-BBCB-3F90D36C17B7}.Release|Any CPU.Deploy.0 = Release|Any CPU
		{A0A5DD0E-BDBF-4AB4-A697-2FD9D2A3FF75}.Debug|Any CPU.ActiveCfg = Debug|Any CPU
		{A0A5DD0E-BDBF-4AB4-A697-2FD9D2A3FF75}.Debug|Any CPU.Build.0 = Debug|Any CPU
		{A0A5DD0E-BDBF-4AB4-A697-2FD9D2A3FF75}.Release|Any CPU.ActiveCfg = Release|Any CPU
		{A0A5DD0E-BDBF-4AB4-A697-2FD9D2A3FF75}.Release|Any CPU.Build.0 = Release|Any CPU
	EndGlobalSection
	GlobalSection(SolutionProperties) = preSolution
		HideSolutionNode = FALSE
	EndGlobalSection
	GlobalSection(ExtensibilityGlobals) = postSolution
		SolutionGuid = {A2A3E8E3-FC39-422D-A635-3DA128C31A4D}
	EndGlobalSection
EndGlobal
